
Microsoft Visual Studio Solution File, Format Version 12.00
# Visual Studio 15
VisualStudioVersion = 15.0.28010.2016
MinimumVisualStudioVersion = 10.0.40219.1
Project("{8BC9CEB8-8B4A-11D0-8D11-00A0C91BC942}") = "ceasar", "ceasar\ceasar.vcxproj", "{B04301C0-42B5-4EE8-AA7F-F1A36D629EF8}"
EndProject
Global
	GlobalSection(SolutionConfigurationPlatforms) = preSolution
		Debug|x64 = Debug|x64
		Debug|x86 = Debug|x86
		Release|x64 = Release|x64
		Release|x86 = Release|x86
	EndGlobalSection
	GlobalSection(ProjectConfigurationPlatforms) = postSolution
		{B04301C0-42B5-4EE8-AA7F-F1A36D629EF8}.Debug|x64.ActiveCfg = Debug|x64
		{B04301C0-42B5-4EE8-AA7F-F1A36D629EF8}.Debug|x64.Build.0 = Debug|x64
		{B04301C0-42B5-4EE8-AA7F-F1A36D629EF8}.Debug|x86.ActiveCfg = Debug|Win32
		{B04301C0-42B5-4EE8-AA7F-F1A36D629EF8}.Debug|x86.Build.0 = Debug|Win32
		{B04301C0-42B5-4EE8-AA7F-F1A36D629EF8}.Release|x64.ActiveCfg = Release|x64
		{B04301C0-42B5-4EE8-AA7F-F1A36D629EF8}.Release|x64.Build.0 = Release|x64
		{B04301C0-42B5-4EE8-AA7F-F1A36D629EF8}.Release|x86.ActiveCfg = Release|Win32
		{B04301C0-42B5-4EE8-AA7F-F1A36D629EF8}.Release|x86.Build.0 = Release|Win32
	EndGlobalSection
	GlobalSection(SolutionProperties) = preSolution
		HideSolutionNode = FALSE
	EndGlobalSection
	GlobalSection(ExtensibilityGlobals) = postSolution
		SolutionGuid = {06F5481A-9112-4138-8C58-371C29CD5146}
	EndGlobalSection
EndGlobal
