
Microsoft Visual Studio Solution File, Format Version 12.00
# Visual Studio 15
VisualStudioVersion = 15.0.28010.2016
MinimumVisualStudioVersion = 10.0.40219.1
Project("{8BC9CEB8-8B4A-11D0-8D11-00A0C91BC942}") = "random1", "random1\random1.vcxproj", "{6786F26D-A41D-4ACC-9844-3D5A1DC60FB3}"
EndProject
Global
	GlobalSection(SolutionConfigurationPlatforms) = preSolution
		Debug|x64 = Debug|x64
		Debug|x86 = Debug|x86
		Release|x64 = Release|x64
		Release|x86 = Release|x86
	EndGlobalSection
	GlobalSection(ProjectConfigurationPlatforms) = postSolution
		{6786F26D-A41D-4ACC-9844-3D5A1DC60FB3}.Debug|x64.ActiveCfg = Debug|x64
		{6786F26D-A41D-4ACC-9844-3D5A1DC60FB3}.Debug|x64.Build.0 = Debug|x64
		{6786F26D-A41D-4ACC-9844-3D5A1DC60FB3}.Debug|x86.ActiveCfg = Debug|Win32
		{6786F26D-A41D-4ACC-9844-3D5A1DC60FB3}.Debug|x86.Build.0 = Debug|Win32
		{6786F26D-A41D-4ACC-9844-3D5A1DC60FB3}.Release|x64.ActiveCfg = Release|x64
		{6786F26D-A41D-4ACC-9844-3D5A1DC60FB3}.Release|x64.Build.0 = Release|x64
		{6786F26D-A41D-4ACC-9844-3D5A1DC60FB3}.Release|x86.ActiveCfg = Release|Win32
		{6786F26D-A41D-4ACC-9844-3D5A1DC60FB3}.Release|x86.Build.0 = Release|Win32
	EndGlobalSection
	GlobalSection(SolutionProperties) = preSolution
		HideSolutionNode = FALSE
	EndGlobalSection
	GlobalSection(ExtensibilityGlobals) = postSolution
		SolutionGuid = {83C82BE2-08F3-47B1-B41B-4C86B745940E}
	EndGlobalSection
EndGlobal
